# THIS IS AN AUTOGENERATED FILE. DO NOT EDIT THIS FILE DIRECTLY.
# yarn lockfile v1


react-native-sqlite-storage@^6.0.1:
  version "6.0.1"
  resolved "https://registry.yarnpkg.com/react-native-sqlite-storage/-/react-native-sqlite-storage-6.0.1.tgz#ce6a6b852f07abbea68658d5363818c8bef45dfb"
  integrity sha512-1tDFjrint6X6qSYKf3gDyz+XB+X79jfiL6xTugKHPRtF0WvqMtVgdLuNqZunIXjNEvNtNVEbXaeZ6MsguFu00A==
