# This file is generated by running "yarn install" inside your project.
# Manual changes might be lost - proceed with caution!

__metadata:
  version: 6
  cacheKey: 8

"@cspotcode/source-map-support@npm:^0.8.0":
  version: 0.8.1
  resolution: "@cspotcode/source-map-support@npm:0.8.1"
  dependencies:
    "@jridgewell/trace-mapping": 0.3.9
  checksum: 5718f267085ed8edb3e7ef210137241775e607ee18b77d95aa5bd7514f47f5019aa2d82d96b3bf342ef7aa890a346fa1044532ff7cc3009e7d24fce3ce6200fa
  languageName: node
  linkType: hard

"@isaacs/cliui@npm:^8.0.2":
  version: 8.0.2
  resolution: "@isaacs/cliui@npm:8.0.2"
  dependencies:
    string-width: ^5.1.2
    string-width-cjs: "npm:string-width@^4.2.0"
    strip-ansi: ^7.0.1
    strip-ansi-cjs: "npm:strip-ansi@^6.0.1"
    wrap-ansi: ^8.1.0
    wrap-ansi-cjs: "npm:wrap-ansi@^7.0.0"
  checksum: 4a473b9b32a7d4d3cfb7a614226e555091ff0c5a29a1734c28c72a182c2f6699b26fc6b5c2131dfd841e86b185aea714c72201d7c98c2fba5f17709333a67aeb
  languageName: node
  linkType: hard

"@jridgewell/resolve-uri@npm:^3.0.3":
  version: 3.1.2
  resolution: "@jridgewell/resolve-uri@npm:3.1.2"
  checksum: 83b85f72c59d1c080b4cbec0fef84528963a1b5db34e4370fa4bd1e3ff64a0d80e0cee7369d11d73c704e0286fb2865b530acac7a871088fbe92b5edf1000870
  languageName: node
  linkType: hard

"@jridgewell/sourcemap-codec@npm:^1.4.10":
  version: 1.4.15
  resolution: "@jridgewell/sourcemap-codec@npm:1.4.15"
  checksum: b881c7e503db3fc7f3c1f35a1dd2655a188cc51a3612d76efc8a6eb74728bef5606e6758ee77423e564092b4a518aba569bbb21c9bac5ab7a35b0c6ae7e344c8
  languageName: node
  linkType: hard

"@jridgewell/trace-mapping@npm:0.3.9":
  version: 0.3.9
  resolution: "@jridgewell/trace-mapping@npm:0.3.9"
  dependencies:
    "@jridgewell/resolve-uri": ^3.0.3
    "@jridgewell/sourcemap-codec": ^1.4.10
  checksum: d89597752fd88d3f3480845691a05a44bd21faac18e2185b6f436c3b0fd0c5a859fbbd9aaa92050c4052caf325ad3e10e2e1d1b64327517471b7d51babc0ddef
  languageName: node
  linkType: hard

"@npmcli/agent@npm:^2.0.0":
  version: 2.2.2
  resolution: "@npmcli/agent@npm:2.2.2"
  dependencies:
    agent-base: ^7.1.0
    http-proxy-agent: ^7.0.0
    https-proxy-agent: ^7.0.1
    lru-cache: ^10.0.1
    socks-proxy-agent: ^8.0.3
  checksum: 67de7b88cc627a79743c88bab35e023e23daf13831a8aa4e15f998b92f5507b644d8ffc3788afc8e64423c612e0785a6a92b74782ce368f49a6746084b50d874
  languageName: node
  linkType: hard

"@npmcli/fs@npm:^3.1.0":
  version: 3.1.1
  resolution: "@npmcli/fs@npm:3.1.1"
  dependencies:
    semver: ^7.3.5
  checksum: d960cab4b93adcb31ce223bfb75c5714edbd55747342efb67dcc2f25e023d930a7af6ece3e75f2f459b6f38fc14d031c766f116cd124fdc937fd33112579e820
  languageName: node
  linkType: hard

"@pkgjs/parseargs@npm:^0.11.0":
  version: 0.11.0
  resolution: "@pkgjs/parseargs@npm:0.11.0"
  checksum: 6ad6a00fc4f2f2cfc6bff76fb1d88b8ee20bc0601e18ebb01b6d4be583733a860239a521a7fbca73b612e66705078809483549d2b18f370eb346c5155c8e4a0f
  languageName: node
  linkType: hard

"@tsconfig/node10@npm:^1.0.7":
  version: 1.0.11
  resolution: "@tsconfig/node10@npm:1.0.11"
  checksum: 51fe47d55fe1b80ec35e6e5ed30a13665fd3a531945350aa74a14a1e82875fb60b350c2f2a5e72a64831b1b6bc02acb6760c30b3738b54954ec2dea82db7a267
  languageName: node
  linkType: hard

"@tsconfig/node12@npm:^1.0.7":
  version: 1.0.11
  resolution: "@tsconfig/node12@npm:1.0.11"
  checksum: 5ce29a41b13e7897a58b8e2df11269c5395999e588b9a467386f99d1d26f6c77d1af2719e407621412520ea30517d718d5192a32403b8dfcc163bf33e40a338a
  languageName: node
  linkType: hard

"@tsconfig/node14@npm:^1.0.0":
  version: 1.0.3
  resolution: "@tsconfig/node14@npm:1.0.3"
  checksum: 19275fe80c4c8d0ad0abed6a96dbf00642e88b220b090418609c4376e1cef81bf16237bf170ad1b341452feddb8115d8dd2e5acdfdea1b27422071163dc9ba9d
  languageName: node
  linkType: hard

"@tsconfig/node16@npm:^1.0.2":
  version: 1.0.4
  resolution: "@tsconfig/node16@npm:1.0.4"
  checksum: 202319785901f942a6e1e476b872d421baec20cf09f4b266a1854060efbf78cde16a4d256e8bc949d31e6cd9a90f1e8ef8fb06af96a65e98338a2b6b0de0a0ff
  languageName: node
  linkType: hard

"@types/node@npm:^20.14.9":
  version: 20.14.9
  resolution: "@types/node@npm:20.14.9"
  dependencies:
    undici-types: ~5.26.4
  checksum: 5e9eda1ac8c6cc6bcd1063903ae195eaede9aad1bdad00408a919409cfbcdd2d6535aa3d50346f0d385528f9e03dafc7d1b3bad25aedb1dcd79a6ad39d06c35d
  languageName: node
  linkType: hard

"abbrev@npm:^2.0.0":
  version: 2.0.0
  resolution: "abbrev@npm:2.0.0"
  checksum: 0e994ad2aa6575f94670d8a2149afe94465de9cedaaaac364e7fb43a40c3691c980ff74899f682f4ca58fa96b4cbd7421a015d3a6defe43a442117d7821a2f36
  languageName: node
  linkType: hard

"acorn-walk@npm:^8.1.1":
  version: 8.3.3
  resolution: "acorn-walk@npm:8.3.3"
  dependencies:
    acorn: ^8.11.0
  checksum: 0f09d351fc30b69b2b9982bf33dc30f3d35a34e030e5f1ed3c49fc4e3814a192bf3101e4c30912a0595410f5e91bb70ddba011ea73398b3ecbfe41c7334c6dd0
  languageName: node
  linkType: hard

"acorn@npm:^8.11.0, acorn@npm:^8.4.1":
  version: 8.12.0
  resolution: "acorn@npm:8.12.0"
  bin:
    acorn: bin/acorn
  checksum: ae142de8739ef15a5d936c550c1d267fc4dedcdbe62ad1aa2c0009afed1de84dd0a584684a5d200bb55d8db14f3e09a95c6e92a5303973c04b9a7413c36d1df0
  languageName: node
  linkType: hard

"agent-base@npm:^7.0.2, agent-base@npm:^7.1.0, agent-base@npm:^7.1.1":
  version: 7.1.1
  resolution: "agent-base@npm:7.1.1"
  dependencies:
    debug: ^4.3.4
  checksum: 51c158769c5c051482f9ca2e6e1ec085ac72b5a418a9b31b4e82fe6c0a6699adb94c1c42d246699a587b3335215037091c79e0de512c516f73b6ea844202f037
  languageName: node
  linkType: hard

"aggregate-error@npm:^3.0.0":
  version: 3.1.0
  resolution: "aggregate-error@npm:3.1.0"
  dependencies:
    clean-stack: ^2.0.0
    indent-string: ^4.0.0
  checksum: 1101a33f21baa27a2fa8e04b698271e64616b886795fd43c31068c07533c7b3facfcaf4e9e0cab3624bd88f729a592f1c901a1a229c9e490eafce411a8644b79
  languageName: node
  linkType: hard

"ansi-regex@npm:^5.0.1":
  version: 5.0.1
  resolution: "ansi-regex@npm:5.0.1"
  checksum: 2aa4bb54caf2d622f1afdad09441695af2a83aa3fe8b8afa581d205e57ed4261c183c4d3877cee25794443fde5876417d859c108078ab788d6af7e4fe52eb66b
  languageName: node
  linkType: hard

"ansi-regex@npm:^6.0.1":
  version: 6.0.1
  resolution: "ansi-regex@npm:6.0.1"
  checksum: 1ff8b7667cded1de4fa2c9ae283e979fc87036864317da86a2e546725f96406746411d0d85e87a2d12fa5abd715d90006de7fa4fa0477c92321ad3b4c7d4e169
  languageName: node
  linkType: hard

"ansi-styles@npm:^4.0.0":
  version: 4.3.0
  resolution: "ansi-styles@npm:4.3.0"
  dependencies:
    color-convert: ^2.0.1
  checksum: 513b44c3b2105dd14cc42a19271e80f386466c4be574bccf60b627432f9198571ebf4ab1e4c3ba17347658f4ee1711c163d574248c0c1cdc2d5917a0ad582ec4
  languageName: node
  linkType: hard

"ansi-styles@npm:^6.1.0":
  version: 6.2.1
  resolution: "ansi-styles@npm:6.2.1"
  checksum: ef940f2f0ced1a6347398da88a91da7930c33ecac3c77b72c5905f8b8fe402c52e6fde304ff5347f616e27a742da3f1dc76de98f6866c69251ad0b07a66776d9
  languageName: node
  linkType: hard

"anymatch@npm:~3.1.2":
  version: 3.1.3
  resolution: "anymatch@npm:3.1.3"
  dependencies:
    normalize-path: ^3.0.0
    picomatch: ^2.0.4
  checksum: 3e044fd6d1d26545f235a9fe4d7a534e2029d8e59fa7fd9f2a6eb21230f6b5380ea1eaf55136e60cbf8e613544b3b766e7a6fa2102e2a3a117505466e3025dc2
  languageName: node
  linkType: hard

"arg@npm:^4.1.0":
  version: 4.1.3
  resolution: "arg@npm:4.1.3"
  checksum: 544af8dd3f60546d3e4aff084d451b96961d2267d668670199692f8d054f0415d86fc5497d0e641e91546f0aa920e7c29e5250e99fc89f5552a34b5d93b77f43
  languageName: node
  linkType: hard

"balanced-match@npm:^1.0.0":
  version: 1.0.2
  resolution: "balanced-match@npm:1.0.2"
  checksum: 9706c088a283058a8a99e0bf91b0a2f75497f185980d9ffa8b304de1d9e58ebda7c72c07ebf01dadedaac5b2907b2c6f566f660d62bd336c3468e960403b9d65
  languageName: node
  linkType: hard

"binary-extensions@npm:^2.0.0":
  version: 2.3.0
  resolution: "binary-extensions@npm:2.3.0"
  checksum: bcad01494e8a9283abf18c1b967af65ee79b0c6a9e6fcfafebfe91dbe6e0fc7272bafb73389e198b310516ae04f7ad17d79aacf6cb4c0d5d5202a7e2e52c7d98
  languageName: node
  linkType: hard

"bot@workspace:.":
  version: 0.0.0-use.local
  resolution: "bot@workspace:."
  dependencies:
    "@types/node": ^20.14.9
    databag-client-sdk: ^0.0.18
    nodemon: ^3.1.4
    rimraf: ^5.0.7
    ts-node: ^10.9.2
    typescript: ^5.5.3
  languageName: unknown
  linkType: soft

"brace-expansion@npm:^1.1.7":
  version: 1.1.11
  resolution: "brace-expansion@npm:1.1.11"
  dependencies:
    balanced-match: ^1.0.0
    concat-map: 0.0.1
  checksum: faf34a7bb0c3fcf4b59c7808bc5d2a96a40988addf2e7e09dfbb67a2251800e0d14cd2bfc1aa79174f2f5095c54ff27f46fb1289fe2d77dac755b5eb3434cc07
  languageName: node
  linkType: hard

"brace-expansion@npm:^2.0.1":
  version: 2.0.1
  resolution: "brace-expansion@npm:2.0.1"
  dependencies:
    balanced-match: ^1.0.0
  checksum: a61e7cd2e8a8505e9f0036b3b6108ba5e926b4b55089eeb5550cd04a471fe216c96d4fe7e4c7f995c728c554ae20ddfc4244cad10aef255e72b62930afd233d1
  languageName: node
  linkType: hard

"braces@npm:~3.0.2":
  version: 3.0.3
  resolution: "braces@npm:3.0.3"
  dependencies:
    fill-range: ^7.1.1
  checksum: b95aa0b3bd909f6cd1720ffcf031aeaf46154dd88b4da01f9a1d3f7ea866a79eba76a6d01cbc3c422b2ee5cdc39a4f02491058d5df0d7bf6e6a162a832df1f69
  languageName: node
  linkType: hard

"cacache@npm:^18.0.0":
  version: 18.0.3
  resolution: "cacache@npm:18.0.3"
  dependencies:
    "@npmcli/fs": ^3.1.0
    fs-minipass: ^3.0.0
    glob: ^10.2.2
    lru-cache: ^10.0.1
    minipass: ^7.0.3
    minipass-collect: ^2.0.1
    minipass-flush: ^1.0.5
    minipass-pipeline: ^1.2.4
    p-map: ^4.0.0
    ssri: ^10.0.0
    tar: ^6.1.11
    unique-filename: ^3.0.0
  checksum: b717fd9b36e9c3279bfde4545c3a8f6d5a539b084ee26a9504d48f83694beb724057d26e090b97540f9cc62bea18b9f6cf671c50e18fb7dac60eda9db691714f
  languageName: node
  linkType: hard

"chokidar@npm:^3.5.2":
  version: 3.6.0
  resolution: "chokidar@npm:3.6.0"
  dependencies:
    anymatch: ~3.1.2
    braces: ~3.0.2
    fsevents: ~2.3.2
    glob-parent: ~5.1.2
    is-binary-path: ~2.1.0
    is-glob: ~4.0.1
    normalize-path: ~3.0.0
    readdirp: ~3.6.0
  dependenciesMeta:
    fsevents:
      optional: true
  checksum: d2f29f499705dcd4f6f3bbed79a9ce2388cf530460122eed3b9c48efeab7a4e28739c6551fd15bec9245c6b9eeca7a32baa64694d64d9b6faeb74ddb8c4a413d
  languageName: node
  linkType: hard

"chownr@npm:^2.0.0":
  version: 2.0.0
  resolution: "chownr@npm:2.0.0"
  checksum: c57cf9dd0791e2f18a5ee9c1a299ae6e801ff58fee96dc8bfd0dcb4738a6ce58dd252a3605b1c93c6418fe4f9d5093b28ffbf4d66648cb2a9c67eaef9679be2f
  languageName: node
  linkType: hard

"clean-stack@npm:^2.0.0":
  version: 2.2.0
  resolution: "clean-stack@npm:2.2.0"
  checksum: 2ac8cd2b2f5ec986a3c743935ec85b07bc174d5421a5efc8017e1f146a1cf5f781ae962618f416352103b32c9cd7e203276e8c28241bbe946160cab16149fb68
  languageName: node
  linkType: hard

"color-convert@npm:^2.0.1":
  version: 2.0.1
  resolution: "color-convert@npm:2.0.1"
  dependencies:
    color-name: ~1.1.4
  checksum: 79e6bdb9fd479a205c71d89574fccfb22bd9053bd98c6c4d870d65c132e5e904e6034978e55b43d69fcaa7433af2016ee203ce76eeba9cfa554b373e7f7db336
  languageName: node
  linkType: hard

"color-name@npm:~1.1.4":
  version: 1.1.4
  resolution: "color-name@npm:1.1.4"
  checksum: b0445859521eb4021cd0fb0cc1a75cecf67fceecae89b63f62b201cca8d345baf8b952c966862a9d9a2632987d4f6581f0ec8d957dfacece86f0a7919316f610
  languageName: node
  linkType: hard

"concat-map@npm:0.0.1":
  version: 0.0.1
  resolution: "concat-map@npm:0.0.1"
  checksum: 902a9f5d8967a3e2faf138d5cb784b9979bad2e6db5357c5b21c568df4ebe62bcb15108af1b2253744844eb964fc023fbd9afbbbb6ddd0bcc204c6fb5b7bf3af
  languageName: node
  linkType: hard

"create-require@npm:^1.1.0":
  version: 1.1.1
  resolution: "create-require@npm:1.1.1"
  checksum: a9a1503d4390d8b59ad86f4607de7870b39cad43d929813599a23714831e81c520bddf61bcdd1f8e30f05fd3a2b71ae8538e946eb2786dc65c2bbc520f692eff
  languageName: node
  linkType: hard

"cross-spawn@npm:^7.0.0":
  version: 7.0.3
  resolution: "cross-spawn@npm:7.0.3"
  dependencies:
    path-key: ^3.1.0
    shebang-command: ^2.0.0
    which: ^2.0.1
  checksum: 671cc7c7288c3a8406f3c69a3ae2fc85555c04169e9d611def9a675635472614f1c0ed0ef80955d5b6d4e724f6ced67f0ad1bb006c2ea643488fcfef994d7f52
  languageName: node
  linkType: hard

"databag-client-sdk@npm:^0.0.18":
  version: 0.0.18
  resolution: "databag-client-sdk@npm:0.0.18"
  dependencies:
    eventemitter3: ^5.0.1
  checksum: d7afa318a9f0b4474d3d9df247f9ee8ed3f473d2163560b93d62716069650306286413b2d83cb4946fc3cf07575291e45c025475aec7a9e428c4a6318f4c29ec
  languageName: node
  linkType: hard

"debug@npm:4, debug@npm:^4, debug@npm:^4.3.4":
  version: 4.3.5
  resolution: "debug@npm:4.3.5"
  dependencies:
    ms: 2.1.2
  peerDependenciesMeta:
    supports-color:
      optional: true
  checksum: 7c002b51e256257f936dda09eb37167df952758c57badf6bf44bdc40b89a4bcb8e5a0a2e4c7b53f97c69e2970dd5272d33a757378a12c8f8e64ea7bf99e8e86e
  languageName: node
  linkType: hard

"diff@npm:^4.0.1":
  version: 4.0.2
  resolution: "diff@npm:4.0.2"
  checksum: f2c09b0ce4e6b301c221addd83bf3f454c0bc00caa3dd837cf6c127d6edf7223aa2bbe3b688feea110b7f262adbfc845b757c44c8a9f8c0c5b15d8fa9ce9d20d
  languageName: node
  linkType: hard

"eastasianwidth@npm:^0.2.0":
  version: 0.2.0
  resolution: "eastasianwidth@npm:0.2.0"
  checksum: 7d00d7cd8e49b9afa762a813faac332dee781932d6f2c848dc348939c4253f1d4564341b7af1d041853bc3f32c2ef141b58e0a4d9862c17a7f08f68df1e0f1ed
  languageName: node
  linkType: hard

"emoji-regex@npm:^8.0.0":
  version: 8.0.0
  resolution: "emoji-regex@npm:8.0.0"
  checksum: d4c5c39d5a9868b5fa152f00cada8a936868fd3367f33f71be515ecee4c803132d11b31a6222b2571b1e5f7e13890156a94880345594d0ce7e3c9895f560f192
  languageName: node
  linkType: hard

"emoji-regex@npm:^9.2.2":
  version: 9.2.2
  resolution: "emoji-regex@npm:9.2.2"
  checksum: 8487182da74aabd810ac6d6f1994111dfc0e331b01271ae01ec1eb0ad7b5ecc2bbbbd2f053c05cb55a1ac30449527d819bbfbf0e3de1023db308cbcb47f86601
  languageName: node
  linkType: hard

"encoding@npm:^0.1.13":
  version: 0.1.13
  resolution: "encoding@npm:0.1.13"
  dependencies:
    iconv-lite: ^0.6.2
  checksum: bb98632f8ffa823996e508ce6a58ffcf5856330fde839ae42c9e1f436cc3b5cc651d4aeae72222916545428e54fd0f6aa8862fd8d25bdbcc4589f1e3f3715e7f
  languageName: node
  linkType: hard

"env-paths@npm:^2.2.0":
  version: 2.2.1
  resolution: "env-paths@npm:2.2.1"
  checksum: 65b5df55a8bab92229ab2b40dad3b387fad24613263d103a97f91c9fe43ceb21965cd3392b1ccb5d77088021e525c4e0481adb309625d0cb94ade1d1fb8dc17e
  languageName: node
  linkType: hard

"err-code@npm:^2.0.2":
  version: 2.0.3
  resolution: "err-code@npm:2.0.3"
  checksum: 8b7b1be20d2de12d2255c0bc2ca638b7af5171142693299416e6a9339bd7d88fc8d7707d913d78e0993176005405a236b066b45666b27b797252c771156ace54
  languageName: node
  linkType: hard

"eventemitter3@npm:^5.0.1":
  version: 5.0.1
  resolution: "eventemitter3@npm:5.0.1"
  checksum: 543d6c858ab699303c3c32e0f0f47fc64d360bf73c3daf0ac0b5079710e340d6fe9f15487f94e66c629f5f82cd1a8678d692f3dbb6f6fcd1190e1b97fcad36f8
  languageName: node
  linkType: hard

"exponential-backoff@npm:^3.1.1":
  version: 3.1.1
  resolution: "exponential-backoff@npm:3.1.1"
  checksum: 3d21519a4f8207c99f7457287291316306255a328770d320b401114ec8481986e4e467e854cb9914dd965e0a1ca810a23ccb559c642c88f4c7f55c55778a9b48
  languageName: node
  linkType: hard

"fill-range@npm:^7.1.1":
  version: 7.1.1
  resolution: "fill-range@npm:7.1.1"
  dependencies:
    to-regex-range: ^5.0.1
  checksum: b4abfbca3839a3d55e4ae5ec62e131e2e356bf4859ce8480c64c4876100f4df292a63e5bb1618e1d7460282ca2b305653064f01654474aa35c68000980f17798
  languageName: node
  linkType: hard

"foreground-child@npm:^3.1.0":
  version: 3.2.1
  resolution: "foreground-child@npm:3.2.1"
  dependencies:
    cross-spawn: ^7.0.0
    signal-exit: ^4.0.1
  checksum: 3e2e844d6003c96d70affe8ae98d7eaaba269a868c14d997620c088340a8775cd5d2d9043e6ceebae1928d8d9a874911c4d664b9a267e8995945df20337aebc0
  languageName: node
  linkType: hard

"fs-minipass@npm:^2.0.0":
  version: 2.1.0
  resolution: "fs-minipass@npm:2.1.0"
  dependencies:
    minipass: ^3.0.0
  checksum: 1b8d128dae2ac6cc94230cc5ead341ba3e0efaef82dab46a33d171c044caaa6ca001364178d42069b2809c35a1c3c35079a32107c770e9ffab3901b59af8c8b1
  languageName: node
  linkType: hard

"fs-minipass@npm:^3.0.0":
  version: 3.0.3
  resolution: "fs-minipass@npm:3.0.3"
  dependencies:
    minipass: ^7.0.3
  checksum: 8722a41109130851d979222d3ec88aabaceeaaf8f57b2a8f744ef8bd2d1ce95453b04a61daa0078822bc5cd21e008814f06fe6586f56fef511e71b8d2394d802
  languageName: node
  linkType: hard

"fsevents@npm:~2.3.2":
  version: 2.3.3
  resolution: "fsevents@npm:2.3.3"
  dependencies:
    node-gyp: latest
  checksum: 11e6ea6fea15e42461fc55b4b0e4a0a3c654faa567f1877dbd353f39156f69def97a69936d1746619d656c4b93de2238bf731f6085a03a50cabf287c9d024317
  conditions: os=darwin
  languageName: node
  linkType: hard

"fsevents@patch:fsevents@~2.3.2#~builtin<compat/fsevents>":
  version: 2.3.3
  resolution: "fsevents@patch:fsevents@npm%3A2.3.3#~builtin<compat/fsevents>::version=2.3.3&hash=df0bf1"
  dependencies:
    node-gyp: latest
  conditions: os=darwin
  languageName: node
  linkType: hard

"glob-parent@npm:~5.1.2":
  version: 5.1.2
  resolution: "glob-parent@npm:5.1.2"
  dependencies:
    is-glob: ^4.0.1
  checksum: f4f2bfe2425296e8a47e36864e4f42be38a996db40420fe434565e4480e3322f18eb37589617a98640c5dc8fdec1a387007ee18dbb1f3f5553409c34d17f425e
  languageName: node
  linkType: hard

"glob@npm:^10.2.2, glob@npm:^10.3.10, glob@npm:^10.3.7":
  version: 10.4.2
  resolution: "glob@npm:10.4.2"
  dependencies:
    foreground-child: ^3.1.0
    jackspeak: ^3.1.2
    minimatch: ^9.0.4
    minipass: ^7.1.2
    package-json-from-dist: ^1.0.0
    path-scurry: ^1.11.1
  bin:
    glob: dist/esm/bin.mjs
  checksum: bd7c0e30701136e936f414e5f6f82c7f04503f01df77408f177aa584927412f0bde0338e6ec541618cd21eacc57dde33e7b3c6c0a779cc1c6e6a0e14f3d15d9b
  languageName: node
  linkType: hard

"graceful-fs@npm:^4.2.6":
  version: 4.2.11
  resolution: "graceful-fs@npm:4.2.11"
  checksum: ac85f94da92d8eb6b7f5a8b20ce65e43d66761c55ce85ac96df6865308390da45a8d3f0296dd3a663de65d30ba497bd46c696cc1e248c72b13d6d567138a4fc7
  languageName: node
  linkType: hard

"has-flag@npm:^3.0.0":
  version: 3.0.0
  resolution: "has-flag@npm:3.0.0"
  checksum: 4a15638b454bf086c8148979aae044dd6e39d63904cd452d970374fa6a87623423da485dfb814e7be882e05c096a7ccf1ebd48e7e7501d0208d8384ff4dea73b
  languageName: node
  linkType: hard

"http-cache-semantics@npm:^4.1.1":
  version: 4.1.1
  resolution: "http-cache-semantics@npm:4.1.1"
  checksum: 83ac0bc60b17a3a36f9953e7be55e5c8f41acc61b22583060e8dedc9dd5e3607c823a88d0926f9150e571f90946835c7fe150732801010845c72cd8bbff1a236
  languageName: node
  linkType: hard

"http-proxy-agent@npm:^7.0.0":
  version: 7.0.2
  resolution: "http-proxy-agent@npm:7.0.2"
  dependencies:
    agent-base: ^7.1.0
    debug: ^4.3.4
  checksum: 670858c8f8f3146db5889e1fa117630910101db601fff7d5a8aa637da0abedf68c899f03d3451cac2f83bcc4c3d2dabf339b3aa00ff8080571cceb02c3ce02f3
  languageName: node
  linkType: hard

"https-proxy-agent@npm:^7.0.1":
  version: 7.0.5
  resolution: "https-proxy-agent@npm:7.0.5"
  dependencies:
    agent-base: ^7.0.2
    debug: 4
  checksum: 2e1a28960f13b041a50702ee74f240add8e75146a5c37fc98f1960f0496710f6918b3a9fe1e5aba41e50f58e6df48d107edd9c405c5f0d73ac260dabf2210857
  languageName: node
  linkType: hard

"iconv-lite@npm:^0.6.2":
  version: 0.6.3
  resolution: "iconv-lite@npm:0.6.3"
  dependencies:
    safer-buffer: ">= 2.1.2 < 3.0.0"
  checksum: 3f60d47a5c8fc3313317edfd29a00a692cc87a19cac0159e2ce711d0ebc9019064108323b5e493625e25594f11c6236647d8e256fbe7a58f4a3b33b89e6d30bf
  languageName: node
  linkType: hard

"ignore-by-default@npm:^1.0.1":
  version: 1.0.1
  resolution: "ignore-by-default@npm:1.0.1"
  checksum: 441509147b3615e0365e407a3c18e189f78c07af08564176c680be1fabc94b6c789cad1342ad887175d4ecd5225de86f73d376cec8e06b42fd9b429505ffcf8a
  languageName: node
  linkType: hard

"imurmurhash@npm:^0.1.4":
  version: 0.1.4
  resolution: "imurmurhash@npm:0.1.4"
  checksum: 7cae75c8cd9a50f57dadd77482359f659eaebac0319dd9368bcd1714f55e65badd6929ca58569da2b6494ef13fdd5598cd700b1eba23f8b79c5f19d195a3ecf7
  languageName: node
  linkType: hard

"indent-string@npm:^4.0.0":
  version: 4.0.0
  resolution: "indent-string@npm:4.0.0"
  checksum: 824cfb9929d031dabf059bebfe08cf3137365e112019086ed3dcff6a0a7b698cb80cf67ccccde0e25b9e2d7527aa6cc1fed1ac490c752162496caba3e6699612
  languageName: node
  linkType: hard

"ip-address@npm:^9.0.5":
  version: 9.0.5
  resolution: "ip-address@npm:9.0.5"
  dependencies:
    jsbn: 1.1.0
    sprintf-js: ^1.1.3
  checksum: aa15f12cfd0ef5e38349744e3654bae649a34c3b10c77a674a167e99925d1549486c5b14730eebce9fea26f6db9d5e42097b00aa4f9f612e68c79121c71652dc
  languageName: node
  linkType: hard

"is-binary-path@npm:~2.1.0":
  version: 2.1.0
  resolution: "is-binary-path@npm:2.1.0"
  dependencies:
    binary-extensions: ^2.0.0
  checksum: 84192eb88cff70d320426f35ecd63c3d6d495da9d805b19bc65b518984b7c0760280e57dbf119b7e9be6b161784a5a673ab2c6abe83abb5198a432232ad5b35c
  languageName: node
  linkType: hard

"is-extglob@npm:^2.1.1":
  version: 2.1.1
  resolution: "is-extglob@npm:2.1.1"
  checksum: df033653d06d0eb567461e58a7a8c9f940bd8c22274b94bf7671ab36df5719791aae15eef6d83bbb5e23283967f2f984b8914559d4449efda578c775c4be6f85
  languageName: node
  linkType: hard

"is-fullwidth-code-point@npm:^3.0.0":
  version: 3.0.0
  resolution: "is-fullwidth-code-point@npm:3.0.0"
  checksum: 44a30c29457c7fb8f00297bce733f0a64cd22eca270f83e58c105e0d015e45c019491a4ab2faef91ab51d4738c670daff901c799f6a700e27f7314029e99e348
  languageName: node
  linkType: hard

"is-glob@npm:^4.0.1, is-glob@npm:~4.0.1":
  version: 4.0.3
  resolution: "is-glob@npm:4.0.3"
  dependencies:
    is-extglob: ^2.1.1
  checksum: d381c1319fcb69d341cc6e6c7cd588e17cd94722d9a32dbd60660b993c4fb7d0f19438674e68dfec686d09b7c73139c9166b47597f846af387450224a8101ab4
  languageName: node
  linkType: hard

"is-lambda@npm:^1.0.1":
  version: 1.0.1
  resolution: "is-lambda@npm:1.0.1"
  checksum: 93a32f01940220532e5948538699ad610d5924ac86093fcee83022252b363eb0cc99ba53ab084a04e4fb62bf7b5731f55496257a4c38adf87af9c4d352c71c35
  languageName: node
  linkType: hard

"is-number@npm:^7.0.0":
  version: 7.0.0
  resolution: "is-number@npm:7.0.0"
  checksum: 456ac6f8e0f3111ed34668a624e45315201dff921e5ac181f8ec24923b99e9f32ca1a194912dc79d539c97d33dba17dc635202ff0b2cf98326f608323276d27a
  languageName: node
  linkType: hard

"isexe@npm:^2.0.0":
  version: 2.0.0
  resolution: "isexe@npm:2.0.0"
  checksum: 26bf6c5480dda5161c820c5b5c751ae1e766c587b1f951ea3fcfc973bafb7831ae5b54a31a69bd670220e42e99ec154475025a468eae58ea262f813fdc8d1c62
  languageName: node
  linkType: hard

"isexe@npm:^3.1.1":
  version: 3.1.1
  resolution: "isexe@npm:3.1.1"
  checksum: 7fe1931ee4e88eb5aa524cd3ceb8c882537bc3a81b02e438b240e47012eef49c86904d0f0e593ea7c3a9996d18d0f1f3be8d3eaa92333977b0c3a9d353d5563e
  languageName: node
  linkType: hard

"jackspeak@npm:^3.1.2":
  version: 3.4.0
  resolution: "jackspeak@npm:3.4.0"
  dependencies:
    "@isaacs/cliui": ^8.0.2
    "@pkgjs/parseargs": ^0.11.0
  dependenciesMeta:
    "@pkgjs/parseargs":
      optional: true
  checksum: 350f6f311018bb175ffbe736b19c26ac0b134bb5a17a638169e89594eb0c24ab1c658ab3a2fda24ff63b3b19292e1a5ec19d2255bc526df704e8168d392bef85
  languageName: node
  linkType: hard

"jsbn@npm:1.1.0":
  version: 1.1.0
  resolution: "jsbn@npm:1.1.0"
  checksum: 944f924f2bd67ad533b3850eee47603eed0f6ae425fd1ee8c760f477e8c34a05f144c1bd4f5a5dd1963141dc79a2c55f89ccc5ab77d039e7077f3ad196b64965
  languageName: node
  linkType: hard

"lru-cache@npm:^10.0.1, lru-cache@npm:^10.2.0":
  version: 10.3.0
  resolution: "lru-cache@npm:10.3.0"
  checksum: f2289639bd94cf3c87bfd8a77ac991f9afe3af004ddca3548c3dae63ead1c73bba449a60a4e270992e16cf3261b3d4130943234d52ca3a4d4de2fc074a3cc7b5
  languageName: node
  linkType: hard

"make-error@npm:^1.1.1":
  version: 1.3.6
  resolution: "make-error@npm:1.3.6"
  checksum: b86e5e0e25f7f777b77fabd8e2cbf15737972869d852a22b7e73c17623928fccb826d8e46b9951501d3f20e51ad74ba8c59ed584f610526a48f8ccf88aaec402
  languageName: node
  linkType: hard

"make-fetch-happen@npm:^13.0.0":
  version: 13.0.1
  resolution: "make-fetch-happen@npm:13.0.1"
  dependencies:
    "@npmcli/agent": ^2.0.0
    cacache: ^18.0.0
    http-cache-semantics: ^4.1.1
    is-lambda: ^1.0.1
    minipass: ^7.0.2
    minipass-fetch: ^3.0.0
    minipass-flush: ^1.0.5
    minipass-pipeline: ^1.2.4
    negotiator: ^0.6.3
    proc-log: ^4.2.0
    promise-retry: ^2.0.1
    ssri: ^10.0.0
  checksum: 5c9fad695579b79488fa100da05777213dd9365222f85e4757630f8dd2a21a79ddd3206c78cfd6f9b37346819681782b67900ac847a57cf04190f52dda5343fd
  languageName: node
  linkType: hard

"minimatch@npm:^3.1.2":
  version: 3.1.2
  resolution: "minimatch@npm:3.1.2"
  dependencies:
    brace-expansion: ^1.1.7
  checksum: c154e566406683e7bcb746e000b84d74465b3a832c45d59912b9b55cd50dee66e5c4b1e5566dba26154040e51672f9aa450a9aef0c97cfc7336b78b7afb9540a
  languageName: node
  linkType: hard

"minimatch@npm:^9.0.4":
  version: 9.0.5
  resolution: "minimatch@npm:9.0.5"
  dependencies:
    brace-expansion: ^2.0.1
  checksum: 2c035575eda1e50623c731ec6c14f65a85296268f749b9337005210bb2b34e2705f8ef1a358b188f69892286ab99dc42c8fb98a57bde55c8d81b3023c19cea28
  languageName: node
  linkType: hard

"minipass-collect@npm:^2.0.1":
  version: 2.0.1
  resolution: "minipass-collect@npm:2.0.1"
  dependencies:
    minipass: ^7.0.3
  checksum: b251bceea62090f67a6cced7a446a36f4cd61ee2d5cea9aee7fff79ba8030e416327a1c5aa2908dc22629d06214b46d88fdab8c51ac76bacbf5703851b5ad342
  languageName: node
  linkType: hard

"minipass-fetch@npm:^3.0.0":
  version: 3.0.5
  resolution: "minipass-fetch@npm:3.0.5"
  dependencies:
    encoding: ^0.1.13
    minipass: ^7.0.3
    minipass-sized: ^1.0.3
    minizlib: ^2.1.2
  dependenciesMeta:
    encoding:
      optional: true
  checksum: 8047d273236157aab27ab7cd8eab7ea79e6ecd63e8f80c3366ec076cb9a0fed550a6935bab51764369027c414647fd8256c2a20c5445fb250c483de43350de83
  languageName: node
  linkType: hard

"minipass-flush@npm:^1.0.5":
  version: 1.0.5
  resolution: "minipass-flush@npm:1.0.5"
  dependencies:
    minipass: ^3.0.0
  checksum: 56269a0b22bad756a08a94b1ffc36b7c9c5de0735a4dd1ab2b06c066d795cfd1f0ac44a0fcae13eece5589b908ecddc867f04c745c7009be0b566421ea0944cf
  languageName: node
  linkType: hard

"minipass-pipeline@npm:^1.2.4":
  version: 1.2.4
  resolution: "minipass-pipeline@npm:1.2.4"
  dependencies:
    minipass: ^3.0.0
  checksum: b14240dac0d29823c3d5911c286069e36d0b81173d7bdf07a7e4a91ecdef92cdff4baaf31ea3746f1c61e0957f652e641223970870e2353593f382112257971b
  languageName: node
  linkType: hard

"minipass-sized@npm:^1.0.3":
  version: 1.0.3
  resolution: "minipass-sized@npm:1.0.3"
  dependencies:
    minipass: ^3.0.0
  checksum: 79076749fcacf21b5d16dd596d32c3b6bf4d6e62abb43868fac21674078505c8b15eaca4e47ed844985a4514854f917d78f588fcd029693709417d8f98b2bd60
  languageName: node
  linkType: hard

"minipass@npm:^3.0.0":
  version: 3.3.6
  resolution: "minipass@npm:3.3.6"
  dependencies:
    yallist: ^4.0.0
  checksum: a30d083c8054cee83cdcdc97f97e4641a3f58ae743970457b1489ce38ee1167b3aaf7d815cd39ec7a99b9c40397fd4f686e83750e73e652b21cb516f6d845e48
  languageName: node
  linkType: hard

"minipass@npm:^5.0.0":
  version: 5.0.0
  resolution: "minipass@npm:5.0.0"
  checksum: 425dab288738853fded43da3314a0b5c035844d6f3097a8e3b5b29b328da8f3c1af6fc70618b32c29ff906284cf6406b6841376f21caaadd0793c1d5a6a620ea
  languageName: node
  linkType: hard

"minipass@npm:^5.0.0 || ^6.0.2 || ^7.0.0, minipass@npm:^7.0.2, minipass@npm:^7.0.3, minipass@npm:^7.1.2":
  version: 7.1.2
  resolution: "minipass@npm:7.1.2"
  checksum: 2bfd325b95c555f2b4d2814d49325691c7bee937d753814861b0b49d5edcda55cbbf22b6b6a60bb91eddac8668771f03c5ff647dcd9d0f798e9548b9cdc46ee3
  languageName: node
  linkType: hard

"minizlib@npm:^2.1.1, minizlib@npm:^2.1.2":
  version: 2.1.2
  resolution: "minizlib@npm:2.1.2"
  dependencies:
    minipass: ^3.0.0
    yallist: ^4.0.0
  checksum: f1fdeac0b07cf8f30fcf12f4b586795b97be856edea22b5e9072707be51fc95d41487faec3f265b42973a304fe3a64acd91a44a3826a963e37b37bafde0212c3
  languageName: node
  linkType: hard

"mkdirp@npm:^1.0.3":
  version: 1.0.4
  resolution: "mkdirp@npm:1.0.4"
  bin:
    mkdirp: bin/cmd.js
  checksum: a96865108c6c3b1b8e1d5e9f11843de1e077e57737602de1b82030815f311be11f96f09cce59bd5b903d0b29834733e5313f9301e3ed6d6f6fba2eae0df4298f
  languageName: node
  linkType: hard

"ms@npm:2.1.2":
  version: 2.1.2
  resolution: "ms@npm:2.1.2"
  checksum: 673cdb2c3133eb050c745908d8ce632ed2c02d85640e2edb3ace856a2266a813b30c613569bf3354fdf4ea7d1a1494add3bfa95e2713baa27d0c2c71fc44f58f
  languageName: node
  linkType: hard

"negotiator@npm:^0.6.3":
  version: 0.6.3
  resolution: "negotiator@npm:0.6.3"
  checksum: b8ffeb1e262eff7968fc90a2b6767b04cfd9842582a9d0ece0af7049537266e7b2506dfb1d107a32f06dd849ab2aea834d5830f7f4d0e5cb7d36e1ae55d021d9
  languageName: node
  linkType: hard

"node-gyp@npm:latest":
  version: 10.1.0
  resolution: "node-gyp@npm:10.1.0"
  dependencies:
    env-paths: ^2.2.0
    exponential-backoff: ^3.1.1
    glob: ^10.3.10
    graceful-fs: ^4.2.6
    make-fetch-happen: ^13.0.0
    nopt: ^7.0.0
    proc-log: ^3.0.0
    semver: ^7.3.5
    tar: ^6.1.2
    which: ^4.0.0
  bin:
    node-gyp: bin/node-gyp.js
  checksum: 72e2ab4b23fc32007a763da94018f58069fc0694bf36115d49a2b195c8831e12cf5dd1e7a3718fa85c06969aedf8fc126722d3b672ec1cb27e06ed33caee3c60
  languageName: node
  linkType: hard

"nodemon@npm:^3.1.4":
  version: 3.1.4
  resolution: "nodemon@npm:3.1.4"
  dependencies:
    chokidar: ^3.5.2
    debug: ^4
    ignore-by-default: ^1.0.1
    minimatch: ^3.1.2
    pstree.remy: ^1.1.8
    semver: ^7.5.3
    simple-update-notifier: ^2.0.0
    supports-color: ^5.5.0
    touch: ^3.1.0
    undefsafe: ^2.0.5
  bin:
    nodemon: bin/nodemon.js
  checksum: 3f003fc2c7bdaba559108320f188b7cb063220455e5da218ff3bf4f7468ad7059852da6e35a52b8c690cc27f6e36a433a9ad1f1bdb8096ec1ee3d930629cbeca
  languageName: node
  linkType: hard

"nopt@npm:^7.0.0":
  version: 7.2.1
  resolution: "nopt@npm:7.2.1"
  dependencies:
    abbrev: ^2.0.0
  bin:
    nopt: bin/nopt.js
  checksum: 6fa729cc77ce4162cfad8abbc9ba31d4a0ff6850c3af61d59b505653bef4781ec059f8890ecfe93ee8aa0c511093369cca88bfc998101616a2904e715bbbb7c9
  languageName: node
  linkType: hard

"normalize-path@npm:^3.0.0, normalize-path@npm:~3.0.0":
  version: 3.0.0
  resolution: "normalize-path@npm:3.0.0"
  checksum: 88eeb4da891e10b1318c4b2476b6e2ecbeb5ff97d946815ffea7794c31a89017c70d7f34b3c2ebf23ef4e9fc9fb99f7dffe36da22011b5b5c6ffa34f4873ec20
  languageName: node
  linkType: hard

"p-map@npm:^4.0.0":
  version: 4.0.0
  resolution: "p-map@npm:4.0.0"
  dependencies:
    aggregate-error: ^3.0.0
  checksum: cb0ab21ec0f32ddffd31dfc250e3afa61e103ef43d957cc45497afe37513634589316de4eb88abdfd969fe6410c22c0b93ab24328833b8eb1ccc087fc0442a1c
  languageName: node
  linkType: hard

"package-json-from-dist@npm:^1.0.0":
  version: 1.0.0
  resolution: "package-json-from-dist@npm:1.0.0"
  checksum: ac706ec856a5a03f5261e4e48fa974f24feb044d51f84f8332e2af0af04fbdbdd5bbbfb9cbbe354190409bc8307c83a9e38c6672c3c8855f709afb0006a009ea
  languageName: node
  linkType: hard

"path-key@npm:^3.1.0":
  version: 3.1.1
  resolution: "path-key@npm:3.1.1"
  checksum: 55cd7a9dd4b343412a8386a743f9c746ef196e57c823d90ca3ab917f90ab9f13dd0ded27252ba49dbdfcab2b091d998bc446f6220cd3cea65db407502a740020
  languageName: node
  linkType: hard

"path-scurry@npm:^1.11.1":
  version: 1.11.1
  resolution: "path-scurry@npm:1.11.1"
  dependencies:
    lru-cache: ^10.2.0
    minipass: ^5.0.0 || ^6.0.2 || ^7.0.0
  checksum: 890d5abcd593a7912dcce7cf7c6bf7a0b5648e3dee6caf0712c126ca0a65c7f3d7b9d769072a4d1baf370f61ce493ab5b038d59988688e0c5f3f646ee3c69023
  languageName: node
  linkType: hard

"picomatch@npm:^2.0.4, picomatch@npm:^2.2.1":
  version: 2.3.1
  resolution: "picomatch@npm:2.3.1"
  checksum: 050c865ce81119c4822c45d3c84f1ced46f93a0126febae20737bd05ca20589c564d6e9226977df859ed5e03dc73f02584a2b0faad36e896936238238b0446cf
  languageName: node
  linkType: hard

"proc-log@npm:^3.0.0":
  version: 3.0.0
  resolution: "proc-log@npm:3.0.0"
  checksum: 02b64e1b3919e63df06f836b98d3af002b5cd92655cab18b5746e37374bfb73e03b84fe305454614b34c25b485cc687a9eebdccf0242cda8fda2475dd2c97e02
  languageName: node
  linkType: hard

"proc-log@npm:^4.2.0":
  version: 4.2.0
  resolution: "proc-log@npm:4.2.0"
  checksum: 98f6cd012d54b5334144c5255ecb941ee171744f45fca8b43b58ae5a0c1af07352475f481cadd9848e7f0250376ee584f6aa0951a856ff8f021bdfbff4eb33fc
  languageName: node
  linkType: hard

"promise-retry@npm:^2.0.1":
  version: 2.0.1
  resolution: "promise-retry@npm:2.0.1"
  dependencies:
    err-code: ^2.0.2
    retry: ^0.12.0
  checksum: f96a3f6d90b92b568a26f71e966cbbc0f63ab85ea6ff6c81284dc869b41510e6cdef99b6b65f9030f0db422bf7c96652a3fff9f2e8fb4a0f069d8f4430359429
  languageName: node
  linkType: hard

"pstree.remy@npm:^1.1.8":
  version: 1.1.8
  resolution: "pstree.remy@npm:1.1.8"
  checksum: 5cb53698d6bb34dfb278c8a26957964aecfff3e161af5fbf7cee00bbe9d8547c7aced4bd9cb193bce15fb56e9e4220fc02a5bf9c14345ffb13a36b858701ec2d
  languageName: node
  linkType: hard

"readdirp@npm:~3.6.0":
  version: 3.6.0
  resolution: "readdirp@npm:3.6.0"
  dependencies:
    picomatch: ^2.2.1
  checksum: 1ced032e6e45670b6d7352d71d21ce7edf7b9b928494dcaba6f11fba63180d9da6cd7061ebc34175ffda6ff529f481818c962952004d273178acd70f7059b320
  languageName: node
  linkType: hard

"retry@npm:^0.12.0":
  version: 0.12.0
  resolution: "retry@npm:0.12.0"
  checksum: 623bd7d2e5119467ba66202d733ec3c2e2e26568074923bc0585b6b99db14f357e79bdedb63cab56cec47491c4a0da7e6021a7465ca6dc4f481d3898fdd3158c
  languageName: node
  linkType: hard

"rimraf@npm:^5.0.7":
  version: 5.0.7
  resolution: "rimraf@npm:5.0.7"
  dependencies:
    glob: ^10.3.7
  bin:
    rimraf: dist/esm/bin.mjs
  checksum: 884852abf8aefd4667448d87bdab04120a8641266c828cf382ac811713547eda18f81799d2146ffec3178f357d83d44ec01c10095949c82e23551660732bf14f
  languageName: node
  linkType: hard

"safer-buffer@npm:>= 2.1.2 < 3.0.0":
  version: 2.1.2
  resolution: "safer-buffer@npm:2.1.2"
  checksum: cab8f25ae6f1434abee8d80023d7e72b598cf1327164ddab31003c51215526801e40b66c5e65d658a0af1e9d6478cadcb4c745f4bd6751f97d8644786c0978b0
  languageName: node
  linkType: hard

"semver@npm:^7.3.5, semver@npm:^7.5.3":
  version: 7.6.2
  resolution: "semver@npm:7.6.2"
  bin:
    semver: bin/semver.js
  checksum: 40f6a95101e8d854357a644da1b8dd9d93ce786d5c6a77227bc69dbb17bea83d0d1d1d7c4cd5920a6df909f48e8bd8a5909869535007f90278289f2451d0292d
  languageName: node
  linkType: hard

"shebang-command@npm:^2.0.0":
  version: 2.0.0
  resolution: "shebang-command@npm:2.0.0"
  dependencies:
    shebang-regex: ^3.0.0
  checksum: 6b52fe87271c12968f6a054e60f6bde5f0f3d2db483a1e5c3e12d657c488a15474121a1d55cd958f6df026a54374ec38a4a963988c213b7570e1d51575cea7fa
  languageName: node
  linkType: hard

"shebang-regex@npm:^3.0.0":
  version: 3.0.0
  resolution: "shebang-regex@npm:3.0.0"
  checksum: 1a2bcae50de99034fcd92ad4212d8e01eedf52c7ec7830eedcf886622804fe36884278f2be8be0ea5fde3fd1c23911643a4e0f726c8685b61871c8908af01222
  languageName: node
  linkType: hard

"signal-exit@npm:^4.0.1":
  version: 4.1.0
  resolution: "signal-exit@npm:4.1.0"
  checksum: 64c757b498cb8629ffa5f75485340594d2f8189e9b08700e69199069c8e3070fb3e255f7ab873c05dc0b3cec412aea7402e10a5990cb6a050bd33ba062a6c549
  languageName: node
  linkType: hard

"simple-update-notifier@npm:^2.0.0":
  version: 2.0.0
  resolution: "simple-update-notifier@npm:2.0.0"
  dependencies:
    semver: ^7.5.3
  checksum: 9ba00d38ce6a29682f64a46213834e4eb01634c2f52c813a9a7b8873ca49cdbb703696f3290f3b27dc067de6d9418b0b84bef22c3eb074acf352529b2d6c27fd
  languageName: node
  linkType: hard

"smart-buffer@npm:^4.2.0":
  version: 4.2.0
  resolution: "smart-buffer@npm:4.2.0"
  checksum: b5167a7142c1da704c0e3af85c402002b597081dd9575031a90b4f229ca5678e9a36e8a374f1814c8156a725d17008ae3bde63b92f9cfd132526379e580bec8b
  languageName: node
  linkType: hard

"socks-proxy-agent@npm:^8.0.3":
  version: 8.0.4
  resolution: "socks-proxy-agent@npm:8.0.4"
  dependencies:
    agent-base: ^7.1.1
    debug: ^4.3.4
    socks: ^2.8.3
  checksum: b2ec5051d85fe49072f9a250c427e0e9571fd09d5db133819192d078fd291276e1f0f50f6dbc04329b207738b1071314cee8bdbb4b12e27de42dbcf1d4233c67
  languageName: node
  linkType: hard

"socks@npm:^2.8.3":
  version: 2.8.3
  resolution: "socks@npm:2.8.3"
  dependencies:
    ip-address: ^9.0.5
    smart-buffer: ^4.2.0
  checksum: 7a6b7f6eedf7482b9e4597d9a20e09505824208006ea8f2c49b71657427f3c137ca2ae662089baa73e1971c62322d535d9d0cf1c9235cf6f55e315c18203eadd
  languageName: node
  linkType: hard

"sprintf-js@npm:^1.1.3":
  version: 1.1.3
  resolution: "sprintf-js@npm:1.1.3"
  checksum: a3fdac7b49643875b70864a9d9b469d87a40dfeaf5d34d9d0c5b1cda5fd7d065531fcb43c76357d62254c57184a7b151954156563a4d6a747015cfb41021cad0
  languageName: node
  linkType: hard

"ssri@npm:^10.0.0":
  version: 10.0.6
  resolution: "ssri@npm:10.0.6"
  dependencies:
    minipass: ^7.0.3
  checksum: 4603d53a05bcd44188747d38f1cc43833b9951b5a1ee43ba50535bdfc5fe4a0897472dbe69837570a5417c3c073377ef4f8c1a272683b401857f72738ee57299
  languageName: node
  linkType: hard

"string-width-cjs@npm:string-width@^4.2.0, string-width@npm:^4.1.0":
  version: 4.2.3
  resolution: "string-width@npm:4.2.3"
  dependencies:
    emoji-regex: ^8.0.0
    is-fullwidth-code-point: ^3.0.0
    strip-ansi: ^6.0.1
  checksum: e52c10dc3fbfcd6c3a15f159f54a90024241d0f149cf8aed2982a2d801d2e64df0bf1dc351cf8e95c3319323f9f220c16e740b06faecd53e2462df1d2b5443fb
  languageName: node
  linkType: hard

"string-width@npm:^5.0.1, string-width@npm:^5.1.2":
  version: 5.1.2
  resolution: "string-width@npm:5.1.2"
  dependencies:
    eastasianwidth: ^0.2.0
    emoji-regex: ^9.2.2
    strip-ansi: ^7.0.1
  checksum: 7369deaa29f21dda9a438686154b62c2c5f661f8dda60449088f9f980196f7908fc39fdd1803e3e01541970287cf5deae336798337e9319a7055af89dafa7193
  languageName: node
  linkType: hard

"strip-ansi-cjs@npm:strip-ansi@^6.0.1, strip-ansi@npm:^6.0.0, strip-ansi@npm:^6.0.1":
  version: 6.0.1
  resolution: "strip-ansi@npm:6.0.1"
  dependencies:
    ansi-regex: ^5.0.1
  checksum: f3cd25890aef3ba6e1a74e20896c21a46f482e93df4a06567cebf2b57edabb15133f1f94e57434e0a958d61186087b1008e89c94875d019910a213181a14fc8c
  languageName: node
  linkType: hard

"strip-ansi@npm:^7.0.1":
  version: 7.1.0
  resolution: "strip-ansi@npm:7.1.0"
  dependencies:
    ansi-regex: ^6.0.1
  checksum: 859c73fcf27869c22a4e4d8c6acfe690064659e84bef9458aa6d13719d09ca88dcfd40cbf31fd0be63518ea1a643fe070b4827d353e09533a5b0b9fd4553d64d
  languageName: node
  linkType: hard

"supports-color@npm:^5.5.0":
  version: 5.5.0
  resolution: "supports-color@npm:5.5.0"
  dependencies:
    has-flag: ^3.0.0
  checksum: 95f6f4ba5afdf92f495b5a912d4abee8dcba766ae719b975c56c084f5004845f6f5a5f7769f52d53f40e21952a6d87411bafe34af4a01e65f9926002e38e1dac
  languageName: node
  linkType: hard

"tar@npm:^6.1.11, tar@npm:^6.1.2":
  version: 6.2.1
  resolution: "tar@npm:6.2.1"
  dependencies:
    chownr: ^2.0.0
    fs-minipass: ^2.0.0
    minipass: ^5.0.0
    minizlib: ^2.1.1
    mkdirp: ^1.0.3
    yallist: ^4.0.0
  checksum: f1322768c9741a25356c11373bce918483f40fa9a25c69c59410c8a1247632487edef5fe76c5f12ac51a6356d2f1829e96d2bc34098668a2fc34d76050ac2b6c
  languageName: node
  linkType: hard

"to-regex-range@npm:^5.0.1":
  version: 5.0.1
  resolution: "to-regex-range@npm:5.0.1"
  dependencies:
    is-number: ^7.0.0
  checksum: f76fa01b3d5be85db6a2a143e24df9f60dd047d151062d0ba3df62953f2f697b16fe5dad9b0ac6191c7efc7b1d9dcaa4b768174b7b29da89d4428e64bc0a20ed
  languageName: node
  linkType: hard

"touch@npm:^3.1.0":
  version: 3.1.1
  resolution: "touch@npm:3.1.1"
  bin:
    nodetouch: bin/nodetouch.js
  checksum: fb8c54207500eb760b6b9d77b9c5626cc027c9ad44431eed4268845f00f8c6bbfc95ce7e9da8e487f020aa921982a8bc5d8e909d0606e82686bd0a08a8e0539b
  languageName: node
  linkType: hard

"ts-node@npm:^10.9.2":
  version: 10.9.2
  resolution: "ts-node@npm:10.9.2"
  dependencies:
    "@cspotcode/source-map-support": ^0.8.0
    "@tsconfig/node10": ^1.0.7
    "@tsconfig/node12": ^1.0.7
    "@tsconfig/node14": ^1.0.0
    "@tsconfig/node16": ^1.0.2
    acorn: ^8.4.1
    acorn-walk: ^8.1.1
    arg: ^4.1.0
    create-require: ^1.1.0
    diff: ^4.0.1
    make-error: ^1.1.1
    v8-compile-cache-lib: ^3.0.1
    yn: 3.1.1
  peerDependencies:
    "@swc/core": ">=1.2.50"
    "@swc/wasm": ">=1.2.50"
    "@types/node": "*"
    typescript: ">=2.7"
  peerDependenciesMeta:
    "@swc/core":
      optional: true
    "@swc/wasm":
      optional: true
  bin:
    ts-node: dist/bin.js
    ts-node-cwd: dist/bin-cwd.js
    ts-node-esm: dist/bin-esm.js
    ts-node-script: dist/bin-script.js
    ts-node-transpile-only: dist/bin-transpile.js
    ts-script: dist/bin-script-deprecated.js
  checksum: fde256c9073969e234526e2cfead42591b9a2aec5222bac154b0de2fa9e4ceb30efcd717ee8bc785a56f3a119bdd5aa27b333d9dbec94ed254bd26f8944c67ac
  languageName: node
  linkType: hard

"typescript@npm:^5.5.3":
  version: 5.5.3
  resolution: "typescript@npm:5.5.3"
  bin:
    tsc: bin/tsc
    tsserver: bin/tsserver
  checksum: 4b4f14313484d5c86064d04ba892544801fa551f5cf72719b540b498056fec7fc192d0bbdb2ba1448e759b1548769956da9e43e7c16781e8d8856787b0575004
  languageName: node
  linkType: hard

"typescript@patch:typescript@^5.5.3#~builtin<compat/typescript>":
  version: 5.5.3
  resolution: "typescript@patch:typescript@npm%3A5.5.3#~builtin<compat/typescript>::version=5.5.3&hash=29ae49"
  bin:
    tsc: bin/tsc
    tsserver: bin/tsserver
  checksum: 6853be4607706cc1ad2f16047cf1cd72d39f79acd5f9716e1d23bc0e462c7f59be7458fe58a21665e7657a05433d7ab8419d093a5a4bd5f3a33f879b35d2769b
  languageName: node
  linkType: hard

"undefsafe@npm:^2.0.5":
  version: 2.0.5
  resolution: "undefsafe@npm:2.0.5"
  checksum: f42ab3b5770fedd4ada175fc1b2eb775b78f609156f7c389106aafd231bfc210813ee49f54483d7191d7b76e483bc7f537b5d92d19ded27156baf57592eb02cc
  languageName: node
  linkType: hard

"undici-types@npm:~5.26.4":
  version: 5.26.5
  resolution: "undici-types@npm:5.26.5"
  checksum: 3192ef6f3fd5df652f2dc1cd782b49d6ff14dc98e5dced492aa8a8c65425227da5da6aafe22523c67f035a272c599bb89cfe803c1db6311e44bed3042fc25487
  languageName: node
  linkType: hard

"unique-filename@npm:^3.0.0":
  version: 3.0.0
  resolution: "unique-filename@npm:3.0.0"
  dependencies:
    unique-slug: ^4.0.0
  checksum: 8e2f59b356cb2e54aab14ff98a51ac6c45781d15ceaab6d4f1c2228b780193dc70fae4463ce9e1df4479cb9d3304d7c2043a3fb905bdeca71cc7e8ce27e063df
  languageName: node
  linkType: hard

"unique-slug@npm:^4.0.0":
  version: 4.0.0
  resolution: "unique-slug@npm:4.0.0"
  dependencies:
    imurmurhash: ^0.1.4
  checksum: 0884b58365af59f89739e6f71e3feacb5b1b41f2df2d842d0757933620e6de08eff347d27e9d499b43c40476cbaf7988638d3acb2ffbcb9d35fd035591adfd15
  languageName: node
  linkType: hard

"v8-compile-cache-lib@npm:^3.0.1":
  version: 3.0.1
  resolution: "v8-compile-cache-lib@npm:3.0.1"
  checksum: 78089ad549e21bcdbfca10c08850022b22024cdcc2da9b168bcf5a73a6ed7bf01a9cebb9eac28e03cd23a684d81e0502797e88f3ccd27a32aeab1cfc44c39da0
  languageName: node
  linkType: hard

"which@npm:^2.0.1":
  version: 2.0.2
  resolution: "which@npm:2.0.2"
  dependencies:
    isexe: ^2.0.0
  bin:
    node-which: ./bin/node-which
  checksum: 1a5c563d3c1b52d5f893c8b61afe11abc3bab4afac492e8da5bde69d550de701cf9806235f20a47b5c8fa8a1d6a9135841de2596535e998027a54589000e66d1
  languageName: node
  linkType: hard

"which@npm:^4.0.0":
  version: 4.0.0
  resolution: "which@npm:4.0.0"
  dependencies:
    isexe: ^3.1.1
  bin:
    node-which: bin/which.js
  checksum: f17e84c042592c21e23c8195108cff18c64050b9efb8459589116999ea9da6dd1509e6a1bac3aeebefd137be00fabbb61b5c2bc0aa0f8526f32b58ee2f545651
  languageName: node
  linkType: hard

"wrap-ansi-cjs@npm:wrap-ansi@^7.0.0":
  version: 7.0.0
  resolution: "wrap-ansi@npm:7.0.0"
  dependencies:
    ansi-styles: ^4.0.0
    string-width: ^4.1.0
    strip-ansi: ^6.0.0
  checksum: a790b846fd4505de962ba728a21aaeda189b8ee1c7568ca5e817d85930e06ef8d1689d49dbf0e881e8ef84436af3a88bc49115c2e2788d841ff1b8b5b51a608b
  languageName: node
  linkType: hard

"wrap-ansi@npm:^8.1.0":
  version: 8.1.0
  resolution: "wrap-ansi@npm:8.1.0"
  dependencies:
    ansi-styles: ^6.1.0
    string-width: ^5.0.1
    strip-ansi: ^7.0.1
  checksum: 371733296dc2d616900ce15a0049dca0ef67597d6394c57347ba334393599e800bab03c41d4d45221b6bc967b8c453ec3ae4749eff3894202d16800fdfe0e238
  languageName: node
  linkType: hard

"yallist@npm:^4.0.0":
  version: 4.0.0
  resolution: "yallist@npm:4.0.0"
  checksum: 343617202af32df2a15a3be36a5a8c0c8545208f3d3dfbc6bb7c3e3b7e8c6f8e7485432e4f3b88da3031a6e20afa7c711eded32ddfb122896ac5d914e75848d5
  languageName: node
  linkType: hard

"yn@npm:3.1.1":
  version: 3.1.1
  resolution: "yn@npm:3.1.1"
  checksum: 2c487b0e149e746ef48cda9f8bad10fc83693cd69d7f9dcd8be4214e985de33a29c9e24f3c0d6bcf2288427040a8947406ab27f7af67ee9456e6b84854f02dd6
  languageName: node
  linkType: hard
